
Microsoft Visual Studio Solution File, Format Version 12.00
# Visual Studio Version 17
VisualStudioVersion = 17.1.32210.238
MinimumVisualStudioVersion = 10.0.40219.1
Project("{9A19103F-16F7-4668-BE54-9A1E7A4F7556}") = "BlazorEcommerce.Server", "BlazorEcommerce\Server\BlazorEcommerce.Server.csproj", "{D867606F-A524-4BC2-9412-DBCE20D02DDC}"
EndProject
Project("{9A19103F-16F7-4668-BE54-9A1E7A4F7556}") = "BlazorEcommerce.Client", "BlazorEcommerce\Client\BlazorEcommerce.Client.csproj", "{619459C3-BDEB-4657-AE5C-D0F02B32B7BF}"
EndProject
Project("{9A19103F-16F7-4668-BE54-9A1E7A4F7556}") = "BlazorEcommerce.Shared", "BlazorEcommerce\Shared\BlazorEcommerce.Shared.csproj", "{F4D81E1F-A03D-4740-B898-9DA2B4CEA2FA}"
EndProject
Global
	GlobalSection(SolutionConfigurationPlatforms) = preSolution
		Debug|Any CPU = Debug|Any CPU
		Release|Any CPU = Release|Any CPU
	EndGlobalSection
	GlobalSection(ProjectConfigurationPlatforms) = postSolution
		{D867606F-A524-4BC2-9412-DBCE20D02DDC}.Debug|Any CPU.ActiveCfg = Debug|Any CPU
		{D867606F-A524-4BC2-9412-DBCE20D02DDC}.Debug|Any CPU.Build.0 = Debug|Any CPU
		{D867606F-A524-4BC2-9412-DBCE20D02DDC}.Release|Any CPU.ActiveCfg = Release|Any CPU
		{D867606F-A524-4BC2-9412-DBCE20D02DDC}.Release|Any CPU.Build.0 = Release|Any CPU
		{619459C3-BDEB-4657-AE5C-D0F02B32B7BF}.Debug|Any CPU.ActiveCfg = Debug|Any CPU
		{619459C3-BDEB-4657-AE5C-D0F02B32B7BF}.Debug|Any CPU.Build.0 = Debug|Any CPU
		{619459C3-BDEB-4657-AE5C-D0F02B32B7BF}.Release|Any CPU.ActiveCfg = Release|Any CPU
		{619459C3-BDEB-4657-AE5C-D0F02B32B7BF}.Release|Any CPU.Build.0 = Release|Any CPU
		{F4D81E1F-A03D-4740-B898-9DA2B4CEA2FA}.Debug|Any CPU.ActiveCfg = Debug|Any CPU
		{F4D81E1F-A03D-4740-B898-9DA2B4CEA2FA}.Debug|Any CPU.Build.0 = Debug|Any CPU
		{F4D81E1F-A03D-4740-B898-9DA2B4CEA2FA}.Release|Any CPU.ActiveCfg = Release|Any CPU
		{F4D81E1F-A03D-4740-B898-9DA2B4CEA2FA}.Release|Any CPU.Build.0 = Release|Any CPU
	EndGlobalSection
	GlobalSection(SolutionProperties) = preSolution
		HideSolutionNode = FALSE
	EndGlobalSection
	GlobalSection(ExtensibilityGlobals) = postSolution
		SolutionGuid = {28CF77FF-A075-4390-B4A3-8516C79490BB}
	EndGlobalSection
EndGlobal
